
Microsoft Visual Studio Solution File, Format Version 12.00
# Visual Studio 14
VisualStudioVersion = 14.0.25420.1
MinimumVisualStudioVersion = 10.0.40219.1
Project("{FAE04EC0-301F-11D3-BF4B-00C04F79EFBC}") = "ConsoleHolidays1", "ConsoleHolidays1\ConsoleHolidays1.csproj", "{EA9E699B-0AA9-4340-8C26-24D2CC09D836}"
EndProject
Global
	GlobalSection(SolutionConfigurationPlatforms) = preSolution
		Debug|Any CPU = Debug|Any CPU
		Release|Any CPU = Release|Any CPU
	EndGlobalSection
	GlobalSection(ProjectConfigurationPlatforms) = postSolution
		{EA9E699B-0AA9-4340-8C26-24D2CC09D836}.Debug|Any CPU.ActiveCfg = Debug|Any CPU
		{EA9E699B-0AA9-4340-8C26-24D2CC09D836}.Debug|Any CPU.Build.0 = Debug|Any CPU
		{EA9E699B-0AA9-4340-8C26-24D2CC09D836}.Release|Any CPU.ActiveCfg = Release|Any CPU
		{EA9E699B-0AA9-4340-8C26-24D2CC09D836}.Release|Any CPU.Build.0 = Release|Any CPU
	EndGlobalSection
	GlobalSection(SolutionProperties) = preSolution
		HideSolutionNode = FALSE
	EndGlobalSection
EndGlobal
